// !$*UTF8*$!
{
	archiveVersion = 1;
	classes = {
	};
	objectVersion = 46;
	objects = {

/* Begin PBXBuildFile section */
		5DEDC14A194803A400677582 /* main.m in Sources */ = {isa = PBXBuildFile; fileRef = 5DEDC149194803A400677582 /* main.m */; };
		5DEDC14D194803A400677582 /* AppDelegate.m in Sources */ = {isa = PBXBuildFile; fileRef = 5DEDC14C194803A400677582 /* AppDelegate.m */; };
		5DEDC150194803A400677582 /* FirstViewController.m in Sources */ = {isa = PBXBuildFile; fileRef = 5DEDC14F194803A400677582 /* FirstViewController.m */; };
		5DEDC153194803A400677582 /* SecondViewController.m in Sources */ = {isa = PBXBuildFile; fileRef = 5DEDC152194803A400677582 /* SecondViewController.m */; };
		5DEDC156194803A400677582 /* Main.storyboard in Resources */ = {isa = PBXBuildFile; fileRef = 5DEDC154194803A400677582 /* Main.storyboard */; };
		5DEDC158194803A400677582 /* Images.xcassets in Resources */ = {isa = PBXBuildFile; fileRef = 5DEDC157194803A400677582 /* Images.xcassets */; };
		5DEDC164194803A500677582 /* MapTunesTests.m in Sources */ = {isa = PBXBuildFile; fileRef = 5DEDC163194803A500677582 /* MapTunesTests.m */; };
/* End PBXBuildFile section */

/* Begin PBXContainerItemProxy section */
		5DEDC15E194803A500677582 /* PBXContainerItemProxy */ = {
			isa = PBXContainerItemProxy;
			containerPortal = 5DEDC13C194803A400677582 /* Project object */;
			proxyType = 1;
			remoteGlobalIDString = 5DEDC143194803A400677582;
			remoteInfo = MapTunes;
		};
/* End PBXContainerItemProxy section */

/* Begin PBXFileReference section */
		5DEDC144194803A400677582 /* MapTunes.app */ = {isa = PBXFileReference; explicitFileType = wrapper.application; includeInIndex = 0; path = MapTunes.app; sourceTree = BUILT_PRODUCTS_DIR; };
		5DEDC148194803A400677582 /* Info.plist */ = {isa = PBXFileReference; lastKnownFileType = text.plist.xml; path = Info.plist; sourceTree = "<group>"; };
		5DEDC149194803A400677582 /* main.m */ = {isa = PBXFileReference; lastKnownFileType = sourcecode.c.objc; path = main.m; sourceTree = "<group>"; };
		5DEDC14B194803A400677582 /* AppDelegate.h */ = {isa = PBXFileReference; lastKnownFileType = sourcecode.c.h; path = AppDelegate.h; sourceTree = "<group>"; };
		5DEDC14C194803A400677582 /* AppDelegate.m */ = {isa = PBXFileReference; lastKnownFileType = sourcecode.c.objc; path = AppDelegate.m; sourceTree = "<group>"; };
		5DEDC14E194803A400677582 /* FirstViewController.h */ = {isa = PBXFileReference; lastKnownFileType = sourcecode.c.h; path = FirstViewController.h; sourceTree = "<group>"; };
		5DEDC14F194803A400677582 /* FirstViewController.m */ = {isa = PBXFileReference; lastKnownFileType = sourcecode.c.objc; path = FirstViewController.m; sourceTree = "<group>"; };
		5DEDC151194803A400677582 /* SecondViewController.h */ = {isa = PBXFileReference; lastKnownFileType = sourcecode.c.h; path = SecondViewController.h; sourceTree = "<group>"; };
		5DEDC152194803A400677582 /* SecondViewController.m */ = {isa = PBXFileReference; lastKnownFileType = sourcecode.c.objc; path = SecondViewController.m; sourceTree = "<group>"; };
		5DEDC155194803A400677582 /* Base */ = {isa = PBXFileReference; lastKnownFileType = file.storyboard; name = Base; path = Base.lproj/Main.storyboard; sourceTree = "<group>"; };
		5DEDC157194803A400677582 /* Images.xcassets */ = {isa = PBXFileReference; lastKnownFileType = folder.assetcatalog; path = Images.xcassets; sourceTree = "<group>"; };
		5DEDC15D194803A500677582 /* MapTunesTests.xctest */ = {isa = PBXFileReference; explicitFileType = wrapper.cfbundle; includeInIndex = 0; path = MapTunesTests.xctest; sourceTree = BUILT_PRODUCTS_DIR; };
		5DEDC162194803A500677582 /* Info.plist */ = {isa = PBXFileReference; lastKnownFileType = text.plist.xml; path = Info.plist; sourceTree = "<group>"; };
		5DEDC163194803A500677582 /* MapTunesTests.m */ = {isa = PBXFileReference; lastKnownFileType = sourcecode.c.objc; path = MapTunesTests.m; sourceTree = "<group>"; };
/* End PBXFileReference section */

/* Begin PBXFrameworksBuildPhase section */
		5DEDC141194803A400677582 /* Frameworks */ = {
			isa = PBXFrameworksBuildPhase;
			buildActionMask = 2147483647;
			files = (
			);
			runOnlyForDeploymentPostprocessing = 0;
		};
		5DEDC15A194803A500677582 /* Frameworks */ = {
			isa = PBXFrameworksBuildPhase;
			buildActionMask = 2147483647;
			files = (
			);
			runOnlyForDeploymentPostprocessing = 0;
		};
/* End PBXFrameworksBuildPhase section */

/* Begin PBXGroup section */
		5DEDC13B194803A400677582 = {
			isa = PBXGroup;
			children = (
				5DEDC146194803A400677582 /* MapTunes */,
				5DEDC160194803A500677582 /* MapTunesTests */,
				5DEDC145194803A400677582 /* Products */,
			);
			sourceTree = "<group>";
		};
		5DEDC145194803A400677582 /* Products */ = {
			isa = PBXGroup;
			children = (
				5DEDC144194803A400677582 /* MapTunes.app */,
				5DEDC15D194803A500677582 /* MapTunesTests.xctest */,
			);
			name = Products;
			sourceTree = "<group>";
		};
		5DEDC146194803A400677582 /* MapTunes */ = {
			isa = PBXGroup;
			children = (
				5DEDC14B194803A400677582 /* AppDelegate.h */,
				5DEDC14C194803A400677582 /* AppDelegate.m */,
				5DEDC14E194803A400677582 /* FirstViewController.h */,
				5DEDC14F194803A400677582 /* FirstViewController.m */,
				5DEDC151194803A400677582 /* SecondViewController.h */,
				5DEDC152194803A400677582 /* SecondViewController.m */,
				5DEDC154194803A400677582 /* Main.storyboard */,
				5DEDC157194803A400677582 /* Images.xcassets */,
				5DEDC147194803A400677582 /* Supporting Files */,
			);
			path = MapTunes;
			sourceTree = "<group>";
		};
		5DEDC147194803A400677582 /* Supporting Files */ = {
			isa = PBXGroup;
			children = (
				5DEDC148194803A400677582 /* Info.plist */,
				5DEDC149194803A400677582 /* main.m */,
			);
			name = "Supporting Files";
			sourceTree = "<group>";
		};
		5DEDC160194803A500677582 /* MapTunesTests */ = {
			isa = PBXGroup;
			children = (
				5DEDC163194803A500677582 /* MapTunesTests.m */,
				5DEDC161194803A500677582 /* Supporting Files */,
			);
			path = MapTunesTests;
			sourceTree = "<group>";
		};
		5DEDC161194803A500677582 /* Supporting Files */ = {
			isa = PBXGroup;
			children = (
				5DEDC162194803A500677582 /* Info.plist */,
			);
			name = "Supporting Files";
			sourceTree = "<group>";
		};
/* End PBXGroup section */

/* Begin PBXNativeTarget section */
		5DEDC143194803A400677582 /* MapTunes */ = {
			isa = PBXNativeTarget;
			buildConfigurationList = 5DEDC167194803A500677582 /* Build configuration list for PBXNativeTarget "MapTunes" */;
			buildPhases = (
				5DEDC140194803A400677582 /* Sources */,
				5DEDC141194803A400677582 /* Frameworks */,
				5DEDC142194803A400677582 /* Resources */,
			);
			buildRules = (
			);
			dependencies = (
			);
			name = MapTunes;
			productName = MapTunes;
			productReference = 5DEDC144194803A400677582 /* MapTunes.app */;
			productType = "com.apple.product-type.application";
		};
		5DEDC15C194803A500677582 /* MapTunesTests */ = {
			isa = PBXNativeTarget;
			buildConfigurationList = 5DEDC16A194803A500677582 /* Build configuration list for PBXNativeTarget "MapTunesTests" */;
			buildPhases = (
				5DEDC159194803A500677582 /* Sources */,
				5DEDC15A194803A500677582 /* Frameworks */,
				5DEDC15B194803A500677582 /* Resources */,
			);
			buildRules = (
			);
			dependencies = (
				5DEDC15F194803A500677582 /* PBXTargetDependency */,
			);
			name = MapTunesTests;
			productName = MapTunesTests;
			productReference = 5DEDC15D194803A500677582 /* MapTunesTests.xctest */;
			productType = "com.apple.product-type.bundle.unit-test";
		};
/* End PBXNativeTarget section */

/* Begin PBXProject section */
		5DEDC13C194803A400677582 /* Project object */ = {
			isa = PBXProject;
			attributes = {
				LastUpgradeCheck = 0600;
				ORGANIZATIONNAME = "Kael Quet";
				TargetAttributes = {
					5DEDC143194803A400677582 = {
						CreatedOnToolsVersion = 6.0;
					};
					5DEDC15C194803A500677582 = {
						CreatedOnToolsVersion = 6.0;
						TestTargetID = 5DEDC143194803A400677582;
					};
				};
			};
			buildConfigurationList = 5DEDC13F194803A400677582 /* Build configuration list for PBXProject "MapTunes" */;
			compatibilityVersion = "Xcode 3.2";
			developmentRegion = English;
			hasScannedForEncodings = 0;
			knownRegions = (
				en,
				Base,
			);
			mainGroup = 5DEDC13B194803A400677582;
			productRefGroup = 5DEDC145194803A400677582 /* Products */;
			projectDirPath = "";
			projectRoot = "";
			targets = (
				5DEDC143194803A400677582 /* MapTunes */,
				5DEDC15C194803A500677582 /* MapTunesTests */,
			);
		};
/* End PBXProject section */

/* Begin PBXResourcesBuildPhase section */
		5DEDC142194803A400677582 /* Resources */ = {
			isa = PBXResourcesBuildPhase;
			buildActionMask = 2147483647;
			files = (
				5DEDC156194803A400677582 /* Main.storyboard in Resources */,
				5DEDC158194803A400677582 /* Images.xcassets in Resources */,
			);
			runOnlyForDeploymentPostprocessing = 0;
		};
		5DEDC15B194803A500677582 /* Resources */ = {
			isa = PBXResourcesBuildPhase;
			buildActionMask = 2147483647;
			files = (
			);
			runOnlyForDeploymentPostprocessing = 0;
		};
/* End PBXResourcesBuildPhase section */

/* Begin PBXSourcesBuildPhase section */
		5DEDC140194803A400677582 /* Sources */ = {
			isa = PBXSourcesBuildPhase;
			buildActionMask = 2147483647;
			files = (
				5DEDC153194803A400677582 /* SecondViewController.m in Sources */,
				5DEDC14D194803A400677582 /* AppDelegate.m in Sources */,
				5DEDC150194803A400677582 /* FirstViewController.m in Sources */,
				5DEDC14A194803A400677582 /* main.m in Sources */,
			);
			runOnlyForDeploymentPostprocessing = 0;
		};
		5DEDC159194803A500677582 /* Sources */ = {
			isa = PBXSourcesBuildPhase;
			buildActionMask = 2147483647;
			files = (
				5DEDC164194803A500677582 /* MapTunesTests.m in Sources */,
			);
			runOnlyForDeploymentPostprocessing = 0;
		};
/* End PBXSourcesBuildPhase section */

/* Begin PBXTargetDependency section */
		5DEDC15F194803A500677582 /* PBXTargetDependency */ = {
			isa = PBXTargetDependency;
			target = 5DEDC143194803A400677582 /* MapTunes */;
			targetProxy = 5DEDC15E194803A500677582 /* PBXContainerItemProxy */;
		};
/* End PBXTargetDependency section */

/* Begin PBXVariantGroup section */
		5DEDC154194803A400677582 /* Main.storyboard */ = {
			isa = PBXVariantGroup;
			children = (
				5DEDC155194803A400677582 /* Base */,
			);
			name = Main.storyboard;
			sourceTree = "<group>";
		};
/* End PBXVariantGroup section */

/* Begin XCBuildConfiguration section */
		5DEDC165194803A500677582 /* Debug */ = {
			isa = XCBuildConfiguration;
			buildSettings = {
				ALWAYS_SEARCH_USER_PATHS = NO;
				CLANG_CXX_LANGUAGE_STANDARD = "gnu++0x";
				CLANG_CXX_LIBRARY = "libc++";
				CLANG_ENABLE_MODULES = YES;
				CLANG_ENABLE_OBJC_ARC = YES;
				CLANG_WARN_BOOL_CONVERSION = YES;
				CLANG_WARN_CONSTANT_CONVERSION = YES;
				CLANG_WARN_DIRECT_OBJC_ISA_USAGE = YES_ERROR;
				CLANG_WARN_EMPTY_BODY = YES;
				CLANG_WARN_ENUM_CONVERSION = YES;
				CLANG_WARN_INT_CONVERSION = YES;
				CLANG_WARN_OBJC_ROOT_CLASS = YES_ERROR;
				CLANG_WARN_UNREACHABLE_CODE = YES;
				CLANG_WARN__DUPLICATE_METHOD_MATCH = YES;
				"CODE_SIGN_IDENTITY[sdk=iphoneos*]" = "iPhone Developer";
				COPY_PHASE_STRIP = NO;
				ENABLE_STRICT_OBJC_MSGSEND = YES;
				GCC_C_LANGUAGE_STANDARD = gnu99;
				GCC_DYNAMIC_NO_PIC = NO;
				GCC_OPTIMIZATION_LEVEL = 0;
				GCC_PREPROCESSOR_DEFINITIONS = (
					"DEBUG=1",
					"$(inherited)",
				);
				GCC_SYMBOLS_PRIVATE_EXTERN = NO;
				GCC_WARN_64_TO_32_BIT_CONVERSION = YES;
				GCC_WARN_ABOUT_RETURN_TYPE = YES_ERROR;
				GCC_WARN_UNDECLARED_SELECTOR = YES;
				GCC_WARN_UNINITIALIZED_AUTOS = YES_AGGRESSIVE;
				GCC_WARN_UNUSED_FUNCTION = YES;
				GCC_WARN_UNUSED_VARIABLE = YES;
				IPHONEOS_DEPLOYMENT_TARGET = 8.0;
				METAL_ENABLE_DEBUG_INFO = YES;
				ONLY_ACTIVE_ARCH = YES;
				SDKROOT = iphoneos;
			};
			name = Debug;
		};
		5DEDC166194803A500677582 /* Release */ = {
			isa = XCBuildConfiguration;
			buildSettings = {
				ALWAYS_SEARCH_USER_PATHS = NO;
				CLANG_CXX_LANGUAGE_STANDARD = "gnu++0x";
				CLANG_CXX_LIBRARY = "libc++";
				CLANG_ENABLE_MODULES = YES;
				CLANG_ENABLE_OBJC_ARC = YES;
				CLANG_WARN_BOOL_CONVERSION = YES;
				CLANG_WARN_CONSTANT_CONVERSION = YES;
				CLANG_WARN_DIRECT_OBJC_ISA_USAGE = YES_ERROR;
				CLANG_WARN_EMPTY_BODY = YES;
				CLANG_WARN_ENUM_CONVERSION = YES;
				CLANG_WARN_INT_CONVERSION = YES;
				CLANG_WARN_OBJC_ROOT_CLASS = YES_ERROR;
				CLANG_WARN_UNREACHABLE_CODE = YES;
				CLANG_WARN__DUPLICATE_METHOD_MATCH = YES;
				"CODE_SIGN_IDENTITY[sdk=iphoneos*]" = "iPhone Developer";
				COPY_PHASE_STRIP = YES;
				ENABLE_NS_ASSERTIONS = NO;
				ENABLE_STRICT_OBJC_MSGSEND = YES;
				GCC_C_LANGUAGE_STANDARD = gnu99;
				GCC_WARN_64_TO_32_BIT_CONVERSION = YES;
				GCC_WARN_ABOUT_RETURN_TYPE = YES_ERROR;
				GCC_WARN_UNDECLARED_SELECTOR = YES;
				GCC_WARN_UNINITIALIZED_AUTOS = YES_AGGRESSIVE;
				GCC_WARN_UNUSED_FUNCTION = YES;
				GCC_WARN_UNUSED_VARIABLE = YES;
				IPHONEOS_DEPLOYMENT_TARGET = 8.0;
				METAL_ENABLE_DEBUG_INFO = NO;
				SDKROOT = iphoneos;
				VALIDATE_PRODUCT = YES;
			};
			name = Release;
		};
		5DEDC168194803A500677582 /* Debug */ = {
			isa = XCBuildConfiguration;
			buildSettings = {
				ASSETCATALOG_COMPILER_APPICON_NAME = AppIcon;
				ASSETCATALOG_COMPILER_LAUNCHIMAGE_NAME = LaunchImage;
				INFOPLIST_FILE = MapTunes/Info.plist;
				LD_RUNPATH_SEARCH_PATHS = "$(inherited) @executable_path/Frameworks";
				PRODUCT_NAME = "$(TARGET_NAME)";
			};
			name = Debug;
		};
		5DEDC169194803A500677582 /* Release */ = {
			isa = XCBuildConfiguration;
			buildSettings = {
				ASSETCATALOG_COMPILER_APPICON_NAME = AppIcon;
				ASSETCATALOG_COMPILER_LAUNCHIMAGE_NAME = LaunchImage;
				INFOPLIST_FILE = MapTunes/Info.plist;
				LD_RUNPATH_SEARCH_PATHS = "$(inherited) @executable_path/Frameworks";
				PRODUCT_NAME = "$(TARGET_NAME)";
			};
			name = Release;
		};
		5DEDC16B194803A500677582 /* Debug */ = {
			isa = XCBuildConfiguration;
			buildSettings = {
				BUNDLE_LOADER = "$(BUILT_PRODUCTS_DIR)/MapTunes.app/MapTunes";
				FRAMEWORK_SEARCH_PATHS = (
					"$(SDKROOT)/Developer/Library/Frameworks",
					"$(inherited)",
				);
				GCC_PREPROCESSOR_DEFINITIONS = (
					"DEBUG=1",
					"$(inherited)",
				);
				INFOPLIST_FILE = MapTunesTests/Info.plist;
				LD_RUNPATH_SEARCH_PATHS = "$(inherited) @executable_path/Frameworks @loader_path/Frameworks";
				METAL_ENABLE_DEBUG_INFO = YES;
				PRODUCT_NAME = "$(TARGET_NAME)";
				TEST_HOST = "$(BUNDLE_LOADER)";
			};
			name = Debug;
		};
		5DEDC16C194803A500677582 /* Release */ = {
			isa = XCBuildConfiguration;
			buildSettings = {
				BUNDLE_LOADER = "$(BUILT_PRODUCTS_DIR)/MapTunes.app/MapTunes";
				FRAMEWORK_SEARCH_PATHS = (
					"$(SDKROOT)/Developer/Library/Frameworks",
					"$(inherited)",
				);
				INFOPLIST_FILE = MapTunesTests/Info.plist;
				LD_RUNPATH_SEARCH_PATHS = "$(inherited) @executable_path/Frameworks @loader_path/Frameworks";
				METAL_ENABLE_DEBUG_INFO = NO;
				PRODUCT_NAME = "$(TARGET_NAME)";
				TEST_HOST = "$(BUNDLE_LOADER)";
			};
			name = Release;
		};
/* End XCBuildConfiguration section */

/* Begin XCConfigurationList section */
		5DEDC13F194803A400677582 /* Build configuration list for PBXProject "MapTunes" */ = {
			isa = XCConfigurationList;
			buildConfigurations = (
				5DEDC165194803A500677582 /* Debug */,
				5DEDC166194803A500677582 /* Release */,
			);
			defaultConfigurationIsVisible = 0;
			defaultConfigurationName = Release;
		};
		5DEDC167194803A500677582 /* Build configuration list for PBXNativeTarget "MapTunes" */ = {
			isa = XCConfigurationList;
			buildConfigurations = (
				5DEDC168194803A500677582 /* Debug */,
				5DEDC169194803A500677582 /* Release */,
			);
			defaultConfigurationIsVisible = 0;
		};
		5DEDC16A194803A500677582 /* Build configuration list for PBXNativeTarget "MapTunesTests" */ = {
			isa = XCConfigurationList;
			buildConfigurations = (
				5DEDC16B194803A500677582 /* Debug */,
				5DEDC16C194803A500677582 /* Release */,
			);
			defaultConfigurationIsVisible = 0;
		};
/* End XCConfigurationList section */
	};
	rootObject = 5DEDC13C194803A400677582 /* Project object */;
}
